
Microsoft Visual Studio Solution File, Format Version 12.00
# Visual Studio 15
VisualStudioVersion = 15.0.27703.2035
MinimumVisualStudioVersion = 10.0.40219.1
Project("{FAE04EC0-301F-11D3-BF4B-00C04F79EFBC}") = "WindowsFormsExampleUserControl", "WindowsFormsExampleUserControl\WindowsFormsExampleUserControl.csproj", "{B1ADECE4-6F8A-441B-9022-AA3FF2DDFDAE}"
EndProject
Global
	GlobalSection(SolutionConfigurationPlatforms) = preSolution
		Debug|Any CPU = Debug|Any CPU
		Release|Any CPU = Release|Any CPU
	EndGlobalSection
	GlobalSection(ProjectConfigurationPlatforms) = postSolution
		{B1ADECE4-6F8A-441B-9022-AA3FF2DDFDAE}.Debug|Any CPU.ActiveCfg = Debug|Any CPU
		{B1ADECE4-6F8A-441B-9022-AA3FF2DDFDAE}.Debug|Any CPU.Build.0 = Debug|Any CPU
		{B1ADECE4-6F8A-441B-9022-AA3FF2DDFDAE}.Release|Any CPU.ActiveCfg = Release|Any CPU
		{B1ADECE4-6F8A-441B-9022-AA3FF2DDFDAE}.Release|Any CPU.Build.0 = Release|Any CPU
	EndGlobalSection
	GlobalSection(SolutionProperties) = preSolution
		HideSolutionNode = FALSE
	EndGlobalSection
	GlobalSection(ExtensibilityGlobals) = postSolution
		SolutionGuid = {5ABB3EC3-9CB4-4F58-ACDC-A410F8E416A4}
	EndGlobalSection
EndGlobal
